// !$*UTF8*$!
{
	archiveVersion = 1;
	classes = {
	};
	objectVersion = 56;
	objects = {

/* Begin PBXBuildFile section */
		CE46367B2D6DDF1C0054AEFA /* AppDelegate.swift in Sources */ = {isa = PBXBuildFile; fileRef = CE46367A2D6DDF1C0054AEFA /* AppDelegate.swift */; };
		CE46367D2D6DDF1C0054AEFA /* SceneDelegate.swift in Sources */ = {isa = PBXBuildFile; fileRef = CE46367C2D6DDF1C0054AEFA /* SceneDelegate.swift */; };
		CE46367F2D6DDF1C0054AEFA /* ViewController.swift in Sources */ = {isa = PBXBuildFile; fileRef = CE46367E2D6DDF1C0054AEFA /* ViewController.swift */; };
		CE4636822D6DDF1C0054AEFA /* Main.storyboard in Resources */ = {isa = PBXBuildFile; fileRef = CE4636802D6DDF1C0054AEFA /* Main.storyboard */; };
		CE4636842D6DDF1F0054AEFA /* Assets.xcassets in Resources */ = {isa = PBXBuildFile; fileRef = CE4636832D6DDF1F0054AEFA /* Assets.xcassets */; };
		CE4636872D6DDF1F0054AEFA /* LaunchScreen.storyboard in Resources */ = {isa = PBXBuildFile; fileRef = CE4636852D6DDF1F0054AEFA /* LaunchScreen.storyboard */; };
		CE46368F2D6DE1640054AEFA /* StoryCollectionViewCell.swift in Sources */ = {isa = PBXBuildFile; fileRef = CE46368E2D6DE1640054AEFA /* StoryCollectionViewCell.swift */; };
		CE4636912D6DE2050054AEFA /* UICollectionView+Ext.swift in Sources */ = {isa = PBXBuildFile; fileRef = CE4636902D6DE2050054AEFA /* UICollectionView+Ext.swift */; };
		CE4636972D6DE7020054AEFA /* CategoryInnerViewControlller.swift in Sources */ = {isa = PBXBuildFile; fileRef = CE4636962D6DE7020054AEFA /* CategoryInnerViewControlller.swift */; };
/* End PBXBuildFile section */

/* Begin PBXFileReference section */
		CE4636772D6DDF1C0054AEFA /* InstagramStories.app */ = {isa = PBXFileReference; explicitFileType = wrapper.application; includeInIndex = 0; path = InstagramStories.app; sourceTree = BUILT_PRODUCTS_DIR; };
		CE46367A2D6DDF1C0054AEFA /* AppDelegate.swift */ = {isa = PBXFileReference; lastKnownFileType = sourcecode.swift; path = AppDelegate.swift; sourceTree = "<group>"; };
		CE46367C2D6DDF1C0054AEFA /* SceneDelegate.swift */ = {isa = PBXFileReference; lastKnownFileType = sourcecode.swift; path = SceneDelegate.swift; sourceTree = "<group>"; };
		CE46367E2D6DDF1C0054AEFA /* ViewController.swift */ = {isa = PBXFileReference; lastKnownFileType = sourcecode.swift; path = ViewController.swift; sourceTree = "<group>"; };
		CE4636812D6DDF1C0054AEFA /* Base */ = {isa = PBXFileReference; lastKnownFileType = file.storyboard; name = Base; path = Base.lproj/Main.storyboard; sourceTree = "<group>"; };
		CE4636832D6DDF1F0054AEFA /* Assets.xcassets */ = {isa = PBXFileReference; lastKnownFileType = folder.assetcatalog; path = Assets.xcassets; sourceTree = "<group>"; };
		CE4636862D6DDF1F0054AEFA /* Base */ = {isa = PBXFileReference; lastKnownFileType = file.storyboard; name = Base; path = Base.lproj/LaunchScreen.storyboard; sourceTree = "<group>"; };
		CE4636882D6DDF1F0054AEFA /* Info.plist */ = {isa = PBXFileReference; lastKnownFileType = text.plist.xml; path = Info.plist; sourceTree = "<group>"; };
		CE46368E2D6DE1640054AEFA /* StoryCollectionViewCell.swift */ = {isa = PBXFileReference; lastKnownFileType = sourcecode.swift; path = StoryCollectionViewCell.swift; sourceTree = "<group>"; };
		CE4636902D6DE2050054AEFA /* UICollectionView+Ext.swift */ = {isa = PBXFileReference; lastKnownFileType = sourcecode.swift; path = "UICollectionView+Ext.swift"; sourceTree = "<group>"; };
		CE4636962D6DE7020054AEFA /* CategoryInnerViewControlller.swift */ = {isa = PBXFileReference; lastKnownFileType = sourcecode.swift; path = CategoryInnerViewControlller.swift; sourceTree = "<group>"; };
/* End PBXFileReference section */

/* Begin PBXFrameworksBuildPhase section */
		CE4636742D6DDF1C0054AEFA /* Frameworks */ = {
			isa = PBXFrameworksBuildPhase;
			buildActionMask = 2147483647;
			files = (
			);
			runOnlyForDeploymentPostprocessing = 0;
		};
/* End PBXFrameworksBuildPhase section */

/* Begin PBXGroup section */
		CE46366E2D6DDF1C0054AEFA = {
			isa = PBXGroup;
			children = (
				CE4636792D6DDF1C0054AEFA /* InstagramStories */,
				CE4636782D6DDF1C0054AEFA /* Products */,
			);
			sourceTree = "<group>";
		};
		CE4636782D6DDF1C0054AEFA /* Products */ = {
			isa = PBXGroup;
			children = (
				CE4636772D6DDF1C0054AEFA /* InstagramStories.app */,
			);
			name = Products;
			sourceTree = "<group>";
		};
		CE4636792D6DDF1C0054AEFA /* InstagramStories */ = {
			isa = PBXGroup;
			children = (
				CE4636952D6DE6DC0054AEFA /* Category */,
				CE4636942D6DE6180054AEFA /* app */,
				CE4636932D6DE5E50054AEFA /* cell */,
				CE4636922D6DE5C70054AEFA /* Extension */,
				CE46367E2D6DDF1C0054AEFA /* ViewController.swift */,
				CE4636802D6DDF1C0054AEFA /* Main.storyboard */,
				CE4636832D6DDF1F0054AEFA /* Assets.xcassets */,
				CE4636852D6DDF1F0054AEFA /* LaunchScreen.storyboard */,
				CE4636882D6DDF1F0054AEFA /* Info.plist */,
			);
			path = InstagramStories;
			sourceTree = "<group>";
		};
		CE4636922D6DE5C70054AEFA /* Extension */ = {
			isa = PBXGroup;
			children = (
				CE4636902D6DE2050054AEFA /* UICollectionView+Ext.swift */,
			);
			path = Extension;
			sourceTree = "<group>";
		};
		CE4636932D6DE5E50054AEFA /* cell */ = {
			isa = PBXGroup;
			children = (
				CE46368E2D6DE1640054AEFA /* StoryCollectionViewCell.swift */,
			);
			path = cell;
			sourceTree = "<group>";
		};
		CE4636942D6DE6180054AEFA /* app */ = {
			isa = PBXGroup;
			children = (
				CE46367A2D6DDF1C0054AEFA /* AppDelegate.swift */,
				CE46367C2D6DDF1C0054AEFA /* SceneDelegate.swift */,
			);
			path = app;
			sourceTree = "<group>";
		};
		CE4636952D6DE6DC0054AEFA /* Category */ = {
			isa = PBXGroup;
			children = (
				CE4636962D6DE7020054AEFA /* CategoryInnerViewControlller.swift */,
			);
			path = Category;
			sourceTree = "<group>";
		};
/* End PBXGroup section */

/* Begin PBXNativeTarget section */
		CE4636762D6DDF1C0054AEFA /* InstagramStories */ = {
			isa = PBXNativeTarget;
			buildConfigurationList = CE46368B2D6DDF1F0054AEFA /* Build configuration list for PBXNativeTarget "InstagramStories" */;
			buildPhases = (
				CE4636732D6DDF1C0054AEFA /* Sources */,
				CE4636742D6DDF1C0054AEFA /* Frameworks */,
				CE4636752D6DDF1C0054AEFA /* Resources */,
			);
			buildRules = (
			);
			dependencies = (
			);
			name = InstagramStories;
			productName = InstagramStories;
			productReference = CE4636772D6DDF1C0054AEFA /* InstagramStories.app */;
			productType = "com.apple.product-type.application";
		};
/* End PBXNativeTarget section */

/* Begin PBXProject section */
		CE46366F2D6DDF1C0054AEFA /* Project object */ = {
			isa = PBXProject;
			attributes = {
				BuildIndependentTargetsInParallel = 1;
				LastSwiftUpdateCheck = 1520;
				LastUpgradeCheck = 1520;
				TargetAttributes = {
					CE4636762D6DDF1C0054AEFA = {
						CreatedOnToolsVersion = 15.2;
					};
				};
			};
			buildConfigurationList = CE4636722D6DDF1C0054AEFA /* Build configuration list for PBXProject "InstagramStories" */;
			compatibilityVersion = "Xcode 14.0";
			developmentRegion = en;
			hasScannedForEncodings = 0;
			knownRegions = (
				en,
				Base,
			);
			mainGroup = CE46366E2D6DDF1C0054AEFA;
			productRefGroup = CE4636782D6DDF1C0054AEFA /* Products */;
			projectDirPath = "";
			projectRoot = "";
			targets = (
				CE4636762D6DDF1C0054AEFA /* InstagramStories */,
			);
		};
/* End PBXProject section */

/* Begin PBXResourcesBuildPhase section */
		CE4636752D6DDF1C0054AEFA /* Resources */ = {
			isa = PBXResourcesBuildPhase;
			buildActionMask = 2147483647;
			files = (
				CE4636872D6DDF1F0054AEFA /* LaunchScreen.storyboard in Resources */,
				CE4636842D6DDF1F0054AEFA /* Assets.xcassets in Resources */,
				CE4636822D6DDF1C0054AEFA /* Main.storyboard in Resources */,
			);
			runOnlyForDeploymentPostprocessing = 0;
		};
/* End PBXResourcesBuildPhase section */

/* Begin PBXSourcesBuildPhase section */
		CE4636732D6DDF1C0054AEFA /* Sources */ = {
			isa = PBXSourcesBuildPhase;
			buildActionMask = 2147483647;
			files = (
				CE4636972D6DE7020054AEFA /* CategoryInnerViewControlller.swift in Sources */,
				CE46368F2D6DE1640054AEFA /* StoryCollectionViewCell.swift in Sources */,
				CE46367F2D6DDF1C0054AEFA /* ViewController.swift in Sources */,
				CE46367B2D6DDF1C0054AEFA /* AppDelegate.swift in Sources */,
				CE46367D2D6DDF1C0054AEFA /* SceneDelegate.swift in Sources */,
				CE4636912D6DE2050054AEFA /* UICollectionView+Ext.swift in Sources */,
			);
			runOnlyForDeploymentPostprocessing = 0;
		};
/* End PBXSourcesBuildPhase section */

/* Begin PBXVariantGroup section */
		CE4636802D6DDF1C0054AEFA /* Main.storyboard */ = {
			isa = PBXVariantGroup;
			children = (
				CE4636812D6DDF1C0054AEFA /* Base */,
			);
			name = Main.storyboard;
			sourceTree = "<group>";
		};
		CE4636852D6DDF1F0054AEFA /* LaunchScreen.storyboard */ = {
			isa = PBXVariantGroup;
			children = (
				CE4636862D6DDF1F0054AEFA /* Base */,
			);
			name = LaunchScreen.storyboard;
			sourceTree = "<group>";
		};
/* End PBXVariantGroup section */

/* Begin XCBuildConfiguration section */
		CE4636892D6DDF1F0054AEFA /* Debug */ = {
			isa = XCBuildConfiguration;
			buildSettings = {
				ALWAYS_SEARCH_USER_PATHS = NO;
				ASSETCATALOG_COMPILER_GENERATE_SWIFT_ASSET_SYMBOL_EXTENSIONS = YES;
				CLANG_ANALYZER_NONNULL = YES;
				CLANG_ANALYZER_NUMBER_OBJECT_CONVERSION = YES_AGGRESSIVE;
				CLANG_CXX_LANGUAGE_STANDARD = "gnu++20";
				CLANG_ENABLE_MODULES = YES;
				CLANG_ENABLE_OBJC_ARC = YES;
				CLANG_ENABLE_OBJC_WEAK = YES;
				CLANG_WARN_BLOCK_CAPTURE_AUTORELEASING = YES;
				CLANG_WARN_BOOL_CONVERSION = YES;
				CLANG_WARN_COMMA = YES;
				CLANG_WARN_CONSTANT_CONVERSION = YES;
				CLANG_WARN_DEPRECATED_OBJC_IMPLEMENTATIONS = YES;
				CLANG_WARN_DIRECT_OBJC_ISA_USAGE = YES_ERROR;
				CLANG_WARN_DOCUMENTATION_COMMENTS = YES;
				CLANG_WARN_EMPTY_BODY = YES;
				CLANG_WARN_ENUM_CONVERSION = YES;
				CLANG_WARN_INFINITE_RECURSION = YES;
				CLANG_WARN_INT_CONVERSION = YES;
				CLANG_WARN_NON_LITERAL_NULL_CONVERSION = YES;
				CLANG_WARN_OBJC_IMPLICIT_RETAIN_SELF = YES;
				CLANG_WARN_OBJC_LITERAL_CONVERSION = YES;
				CLANG_WARN_OBJC_ROOT_CLASS = YES_ERROR;
				CLANG_WARN_QUOTED_INCLUDE_IN_FRAMEWORK_HEADER = YES;
				CLANG_WARN_RANGE_LOOP_ANALYSIS = YES;
				CLANG_WARN_STRICT_PROTOTYPES = YES;
				CLANG_WARN_SUSPICIOUS_MOVE = YES;
				CLANG_WARN_UNGUARDED_AVAILABILITY = YES_AGGRESSIVE;
				CLANG_WARN_UNREACHABLE_CODE = YES;
				CLANG_WARN__DUPLICATE_METHOD_MATCH = YES;
				COPY_PHASE_STRIP = NO;
				DEBUG_INFORMATION_FORMAT = dwarf;
				ENABLE_STRICT_OBJC_MSGSEND = YES;
				ENABLE_TESTABILITY = YES;
				ENABLE_USER_SCRIPT_SANDBOXING = YES;
				GCC_C_LANGUAGE_STANDARD = gnu17;
				GCC_DYNAMIC_NO_PIC = NO;
				GCC_NO_COMMON_BLOCKS = YES;
				GCC_OPTIMIZATION_LEVEL = 0;
				GCC_PREPROCESSOR_DEFINITIONS = (
					"DEBUG=1",
					"$(inherited)",
				);
				GCC_WARN_64_TO_32_BIT_CONVERSION = YES;
				GCC_WARN_ABOUT_RETURN_TYPE = YES_ERROR;
				GCC_WARN_UNDECLARED_SELECTOR = YES;
				GCC_WARN_UNINITIALIZED_AUTOS = YES_AGGRESSIVE;
				GCC_WARN_UNUSED_FUNCTION = YES;
				GCC_WARN_UNUSED_VARIABLE = YES;
				IPHONEOS_DEPLOYMENT_TARGET = 17.2;
				LOCALIZATION_PREFERS_STRING_CATALOGS = YES;
				MTL_ENABLE_DEBUG_INFO = INCLUDE_SOURCE;
				MTL_FAST_MATH = YES;
				ONLY_ACTIVE_ARCH = YES;
				SDKROOT = iphoneos;
				SWIFT_ACTIVE_COMPILATION_CONDITIONS = "DEBUG $(inherited)";
				SWIFT_OPTIMIZATION_LEVEL = "-Onone";
			};
			name = Debug;
		};
		CE46368A2D6DDF1F0054AEFA /* Release */ = {
			isa = XCBuildConfiguration;
			buildSettings = {
				ALWAYS_SEARCH_USER_PATHS = NO;
				ASSETCATALOG_COMPILER_GENERATE_SWIFT_ASSET_SYMBOL_EXTENSIONS = YES;
				CLANG_ANALYZER_NONNULL = YES;
				CLANG_ANALYZER_NUMBER_OBJECT_CONVERSION = YES_AGGRESSIVE;
				CLANG_CXX_LANGUAGE_STANDARD = "gnu++20";
				CLANG_ENABLE_MODULES = YES;
				CLANG_ENABLE_OBJC_ARC = YES;
				CLANG_ENABLE_OBJC_WEAK = YES;
				CLANG_WARN_BLOCK_CAPTURE_AUTORELEASING = YES;
				CLANG_WARN_BOOL_CONVERSION = YES;
				CLANG_WARN_COMMA = YES;
				CLANG_WARN_CONSTANT_CONVERSION = YES;
				CLANG_WARN_DEPRECATED_OBJC_IMPLEMENTATIONS = YES;
				CLANG_WARN_DIRECT_OBJC_ISA_USAGE = YES_ERROR;
				CLANG_WARN_DOCUMENTATION_COMMENTS = YES;
				CLANG_WARN_EMPTY_BODY = YES;
				CLANG_WARN_ENUM_CONVERSION = YES;
				CLANG_WARN_INFINITE_RECURSION = YES;
				CLANG_WARN_INT_CONVERSION = YES;
				CLANG_WARN_NON_LITERAL_NULL_CONVERSION = YES;
				CLANG_WARN_OBJC_IMPLICIT_RETAIN_SELF = YES;
				CLANG_WARN_OBJC_LITERAL_CONVERSION = YES;
				CLANG_WARN_OBJC_ROOT_CLASS = YES_ERROR;
				CLANG_WARN_QUOTED_INCLUDE_IN_FRAMEWORK_HEADER = YES;
				CLANG_WARN_RANGE_LOOP_ANALYSIS = YES;
				CLANG_WARN_STRICT_PROTOTYPES = YES;
				CLANG_WARN_SUSPICIOUS_MOVE = YES;
				CLANG_WARN_UNGUARDED_AVAILABILITY = YES_AGGRESSIVE;
				CLANG_WARN_UNREACHABLE_CODE = YES;
				CLANG_WARN__DUPLICATE_METHOD_MATCH = YES;
				COPY_PHASE_STRIP = NO;
				DEBUG_INFORMATION_FORMAT = "dwarf-with-dsym";
				ENABLE_NS_ASSERTIONS = NO;
				ENABLE_STRICT_OBJC_MSGSEND = YES;
				ENABLE_USER_SCRIPT_SANDBOXING = YES;
				GCC_C_LANGUAGE_STANDARD = gnu17;
				GCC_NO_COMMON_BLOCKS = YES;
				GCC_WARN_64_TO_32_BIT_CONVERSION = YES;
				GCC_WARN_ABOUT_RETURN_TYPE = YES_ERROR;
				GCC_WARN_UNDECLARED_SELECTOR = YES;
				GCC_WARN_UNINITIALIZED_AUTOS = YES_AGGRESSIVE;
				GCC_WARN_UNUSED_FUNCTION = YES;
				GCC_WARN_UNUSED_VARIABLE = YES;
				IPHONEOS_DEPLOYMENT_TARGET = 17.2;
				LOCALIZATION_PREFERS_STRING_CATALOGS = YES;
				MTL_ENABLE_DEBUG_INFO = NO;
				MTL_FAST_MATH = YES;
				SDKROOT = iphoneos;
				SWIFT_COMPILATION_MODE = wholemodule;
				VALIDATE_PRODUCT = YES;
			};
			name = Release;
		};
		CE46368C2D6DDF1F0054AEFA /* Debug */ = {
			isa = XCBuildConfiguration;
			buildSettings = {
				ASSETCATALOG_COMPILER_APPICON_NAME = AppIcon;
				ASSETCATALOG_COMPILER_GLOBAL_ACCENT_COLOR_NAME = AccentColor;
				CODE_SIGN_STYLE = Automatic;
				CURRENT_PROJECT_VERSION = 1;
				GENERATE_INFOPLIST_FILE = YES;
				INFOPLIST_FILE = InstagramStories/Info.plist;
				INFOPLIST_KEY_UIApplicationSupportsIndirectInputEvents = YES;
				INFOPLIST_KEY_UILaunchStoryboardName = LaunchScreen;
				INFOPLIST_KEY_UIMainStoryboardFile = Main;
				INFOPLIST_KEY_UISupportedInterfaceOrientations_iPad = "UIInterfaceOrientationPortrait UIInterfaceOrientationPortraitUpsideDown UIInterfaceOrientationLandscapeLeft UIInterfaceOrientationLandscapeRight";
				INFOPLIST_KEY_UISupportedInterfaceOrientations_iPhone = "UIInterfaceOrientationPortrait UIInterfaceOrientationLandscapeLeft UIInterfaceOrientationLandscapeRight";
				LD_RUNPATH_SEARCH_PATHS = (
					"$(inherited)",
					"@executable_path/Frameworks",
				);
				MARKETING_VERSION = 1.0;
				PRODUCT_BUNDLE_IDENTIFIER = com.gunelbalayeva.InstagramStories;
				PRODUCT_NAME = "$(TARGET_NAME)";
				SWIFT_EMIT_LOC_STRINGS = YES;
				SWIFT_VERSION = 5.0;
				TARGETED_DEVICE_FAMILY = "1,2";
			};
			name = Debug;
		};
		CE46368D2D6DDF1F0054AEFA /* Release */ = {
			isa = XCBuildConfiguration;
			buildSettings = {
				ASSETCATALOG_COMPILER_APPICON_NAME = AppIcon;
				ASSETCATALOG_COMPILER_GLOBAL_ACCENT_COLOR_NAME = AccentColor;
				CODE_SIGN_STYLE = Automatic;
				CURRENT_PROJECT_VERSION = 1;
				GENERATE_INFOPLIST_FILE = YES;
				INFOPLIST_FILE = InstagramStories/Info.plist;
				INFOPLIST_KEY_UIApplicationSupportsIndirectInputEvents = YES;
				INFOPLIST_KEY_UILaunchStoryboardName = LaunchScreen;
				INFOPLIST_KEY_UIMainStoryboardFile = Main;
				INFOPLIST_KEY_UISupportedInterfaceOrientations_iPad = "UIInterfaceOrientationPortrait UIInterfaceOrientationPortraitUpsideDown UIInterfaceOrientationLandscapeLeft UIInterfaceOrientationLandscapeRight";
				INFOPLIST_KEY_UISupportedInterfaceOrientations_iPhone = "UIInterfaceOrientationPortrait UIInterfaceOrientationLandscapeLeft UIInterfaceOrientationLandscapeRight";
				LD_RUNPATH_SEARCH_PATHS = (
					"$(inherited)",
					"@executable_path/Frameworks",
				);
				MARKETING_VERSION = 1.0;
				PRODUCT_BUNDLE_IDENTIFIER = com.gunelbalayeva.InstagramStories;
				PRODUCT_NAME = "$(TARGET_NAME)";
				SWIFT_EMIT_LOC_STRINGS = YES;
				SWIFT_VERSION = 5.0;
				TARGETED_DEVICE_FAMILY = "1,2";
			};
			name = Release;
		};
/* End XCBuildConfiguration section */

/* Begin XCConfigurationList section */
		CE4636722D6DDF1C0054AEFA /* Build configuration list for PBXProject "InstagramStories" */ = {
			isa = XCConfigurationList;
			buildConfigurations = (
				CE4636892D6DDF1F0054AEFA /* Debug */,
				CE46368A2D6DDF1F0054AEFA /* Release */,
			);
			defaultConfigurationIsVisible = 0;
			defaultConfigurationName = Release;
		};
		CE46368B2D6DDF1F0054AEFA /* Build configuration list for PBXNativeTarget "InstagramStories" */ = {
			isa = XCConfigurationList;
			buildConfigurations = (
				CE46368C2D6DDF1F0054AEFA /* Debug */,
				CE46368D2D6DDF1F0054AEFA /* Release */,
			);
			defaultConfigurationIsVisible = 0;
			defaultConfigurationName = Release;
		};
/* End XCConfigurationList section */
	};
	rootObject = CE46366F2D6DDF1C0054AEFA /* Project object */;
}
